
Microsoft Visual Studio Solution File, Format Version 12.00
# Visual Studio Version 17
VisualStudioVersion = 17.5.002.0
MinimumVisualStudioVersion = 10.0.40219.1
Project("{9A19103F-16F7-4668-BE54-9A1E7A4F7556}") = "benthos", "benthos.csproj", "{CC100143-53EB-4B75-927E-BB236949D62A}"
EndProject
Global
	GlobalSection(SolutionConfigurationPlatforms) = preSolution
		Debug|Any CPU = Debug|Any CPU
		Release|Any CPU = Release|Any CPU
	EndGlobalSection
	GlobalSection(ProjectConfigurationPlatforms) = postSolution
		{CC100143-53EB-4B75-927E-BB236949D62A}.Debug|Any CPU.ActiveCfg = Debug|Any CPU
		{CC100143-53EB-4B75-927E-BB236949D62A}.Debug|Any CPU.Build.0 = Debug|Any CPU
		{CC100143-53EB-4B75-927E-BB236949D62A}.Release|Any CPU.ActiveCfg = Release|Any CPU
		{CC100143-53EB-4B75-927E-BB236949D62A}.Release|Any CPU.Build.0 = Release|Any CPU
	EndGlobalSection
	GlobalSection(SolutionProperties) = preSolution
		HideSolutionNode = FALSE
	EndGlobalSection
	GlobalSection(ExtensibilityGlobals) = postSolution
		SolutionGuid = {984AE8FD-4298-449C-A91B-2B17905F597F}
	EndGlobalSection
EndGlobal
